// !$*UTF8*$!
{
	archiveVersion = 1;
	classes = {
	};
	objectVersion = 46;
	objects = {

/* Begin PBXBuildFile section */
		E91D685B290E969C00CB6664 /* KeyValueObservingBinder.swift in Sources */ = {isa = PBXBuildFile; fileRef = E91D685A290E969C00CB6664 /* KeyValueObservingBinder.swift */; };
		E99EA1AC290D6C76008EAB5D /* AppDelegate.swift in Sources */ = {isa = PBXBuildFile; fileRef = E99EA1AB290D6C76008EAB5D /* AppDelegate.swift */; };
		E99EA1AE290D6C76008EAB5D /* SceneDelegate.swift in Sources */ = {isa = PBXBuildFile; fileRef = E99EA1AD290D6C76008EAB5D /* SceneDelegate.swift */; };
		E99EA1B0290D6C76008EAB5D /* ViewController.swift in Sources */ = {isa = PBXBuildFile; fileRef = E99EA1AF290D6C76008EAB5D /* ViewController.swift */; };
		E99EA1B3290D6C76008EAB5D /* Main.storyboard in Resources */ = {isa = PBXBuildFile; fileRef = E99EA1B1290D6C76008EAB5D /* Main.storyboard */; };
		E99EA1B5290D6C76008EAB5D /* Assets.xcassets in Resources */ = {isa = PBXBuildFile; fileRef = E99EA1B4290D6C76008EAB5D /* Assets.xcassets */; };
		E99EA1B8290D6C76008EAB5D /* LaunchScreen.storyboard in Resources */ = {isa = PBXBuildFile; fileRef = E99EA1B6290D6C76008EAB5D /* LaunchScreen.storyboard */; };
		E99EA1BE290D6C8E008EAB5D /* CombineCocoa.framework in Frameworks */ = {isa = PBXBuildFile; fileRef = "CombineCocoa::CombineCocoa::Product" /* CombineCocoa.framework */; };
		E99EA1BF290D6C8E008EAB5D /* CombineCocoa.framework in Embed Frameworks */ = {isa = PBXBuildFile; fileRef = "CombineCocoa::CombineCocoa::Product" /* CombineCocoa.framework */; settings = {ATTRIBUTES = (CodeSignOnCopy, RemoveHeadersOnCopy, ); }; };
		E99EA1DF290E1711008EAB5D /* UISlider+Combine.swift in Sources */ = {isa = PBXBuildFile; fileRef = E99EA1CA290E1711008EAB5D /* UISlider+Combine.swift */; };
		E99EA1E0290E1711008EAB5D /* UITableView+Combine.swift in Sources */ = {isa = PBXBuildFile; fileRef = E99EA1CB290E1711008EAB5D /* UITableView+Combine.swift */; };
		E99EA1E1290E1711008EAB5D /* UISearchBar+Combine.swift in Sources */ = {isa = PBXBuildFile; fileRef = E99EA1CC290E1711008EAB5D /* UISearchBar+Combine.swift */; };
		E99EA1E2290E1711008EAB5D /* UIControl+Combine.swift in Sources */ = {isa = PBXBuildFile; fileRef = E99EA1CD290E1711008EAB5D /* UIControl+Combine.swift */; };
		E99EA1E3290E1711008EAB5D /* UISwitch+Combine.swift in Sources */ = {isa = PBXBuildFile; fileRef = E99EA1CE290E1711008EAB5D /* UISwitch+Combine.swift */; };
		E99EA1E4290E1711008EAB5D /* UIGestureRecognizer+Combine.swift in Sources */ = {isa = PBXBuildFile; fileRef = E99EA1CF290E1711008EAB5D /* UIGestureRecognizer+Combine.swift */; };
		E99EA1E5290E1711008EAB5D /* UIPageControl+Combine.swift in Sources */ = {isa = PBXBuildFile; fileRef = E99EA1D0290E1711008EAB5D /* UIPageControl+Combine.swift */; };
		E99EA1E6290E1711008EAB5D /* UIStepper+Combine.swift in Sources */ = {isa = PBXBuildFile; fileRef = E99EA1D1290E1711008EAB5D /* UIStepper+Combine.swift */; };
		E99EA1E7290E1711008EAB5D /* UIButton+Combine.swift in Sources */ = {isa = PBXBuildFile; fileRef = E99EA1D2290E1711008EAB5D /* UIButton+Combine.swift */; };
		E99EA1E8290E1711008EAB5D /* UISegmentedControl+Combine.swift in Sources */ = {isa = PBXBuildFile; fileRef = E99EA1D3290E1711008EAB5D /* UISegmentedControl+Combine.swift */; };
		E99EA1E9290E1711008EAB5D /* UITextView+Combine.swift in Sources */ = {isa = PBXBuildFile; fileRef = E99EA1D4290E1711008EAB5D /* UITextView+Combine.swift */; };
		E99EA1EA290E1711008EAB5D /* NSTextStorage+Combine.swift in Sources */ = {isa = PBXBuildFile; fileRef = E99EA1D5290E1711008EAB5D /* NSTextStorage+Combine.swift */; };
		E99EA1EB290E1711008EAB5D /* UIScrollView+Combine.swift in Sources */ = {isa = PBXBuildFile; fileRef = E99EA1D6290E1711008EAB5D /* UIScrollView+Combine.swift */; };
		E99EA1EC290E1711008EAB5D /* UICollectionView+Combine.swift in Sources */ = {isa = PBXBuildFile; fileRef = E99EA1D7290E1711008EAB5D /* UICollectionView+Combine.swift */; };
		E99EA1ED290E1711008EAB5D /* UIDatePicker+Combine.swift in Sources */ = {isa = PBXBuildFile; fileRef = E99EA1D8290E1711008EAB5D /* UIDatePicker+Combine.swift */; };
		E99EA1EE290E1711008EAB5D /* TableViewDelegateProxy.swift in Sources */ = {isa = PBXBuildFile; fileRef = E99EA1DA290E1711008EAB5D /* TableViewDelegateProxy.swift */; };
		E99EA1EF290E1711008EAB5D /* TableViewDataSourceProxy.swift in Sources */ = {isa = PBXBuildFile; fileRef = E99EA1DB290E1711008EAB5D /* TableViewDataSourceProxy.swift */; };
		E99EA1F0290E1711008EAB5D /* UIRefreshControl+Combine.swift in Sources */ = {isa = PBXBuildFile; fileRef = E99EA1DC290E1711008EAB5D /* UIRefreshControl+Combine.swift */; };
		E99EA1F1290E1711008EAB5D /* UITextField+Combine.swift in Sources */ = {isa = PBXBuildFile; fileRef = E99EA1DD290E1711008EAB5D /* UITextField+Combine.swift */; };
		E99EA1F2290E1711008EAB5D /* UIBarButtonItem+Combine.swift in Sources */ = {isa = PBXBuildFile; fileRef = E99EA1DE290E1711008EAB5D /* UIBarButtonItem+Combine.swift */; };
		E99EA1F4290E1722008EAB5D /* CombineCocoaPublishers.swift in Sources */ = {isa = PBXBuildFile; fileRef = E99EA1F3290E1722008EAB5D /* CombineCocoaPublishers.swift */; };
		E99EA1F7290E17B0008EAB5D /* Binder.swift in Sources */ = {isa = PBXBuildFile; fileRef = E99EA1F6290E17B0008EAB5D /* Binder.swift */; };
		E99EA1F9290E1D87008EAB5D /* Publisher+Bind.swift in Sources */ = {isa = PBXBuildFile; fileRef = E99EA1F8290E1D87008EAB5D /* Publisher+Bind.swift */; };
		E99EA1FB290E1DB7008EAB5D /* CombineCocoaBinders.swift in Sources */ = {isa = PBXBuildFile; fileRef = E99EA1FA290E1DB7008EAB5D /* CombineCocoaBinders.swift */; };
		OBJ_101 /* ObjcDelegateProxy.m in Sources */ = {isa = PBXBuildFile; fileRef = OBJ_38 /* ObjcDelegateProxy.m */; };
		OBJ_62 /* AnimatedAssignSubscriber.swift in Sources */ = {isa = PBXBuildFile; fileRef = OBJ_10 /* AnimatedAssignSubscriber.swift */; };
		OBJ_63 /* CombineControlEvent.swift in Sources */ = {isa = PBXBuildFile; fileRef = OBJ_11 /* CombineControlEvent.swift */; };
		OBJ_64 /* CombineControlProperty.swift in Sources */ = {isa = PBXBuildFile; fileRef = OBJ_12 /* CombineControlProperty.swift */; };
		OBJ_65 /* CombineControlTarget.swift in Sources */ = {isa = PBXBuildFile; fileRef = OBJ_13 /* CombineControlTarget.swift */; };
		OBJ_84 /* DelegateProxy.swift in Sources */ = {isa = PBXBuildFile; fileRef = OBJ_34 /* DelegateProxy.swift */; };
		OBJ_85 /* DelegateProxyPublisher.swift in Sources */ = {isa = PBXBuildFile; fileRef = OBJ_35 /* DelegateProxyPublisher.swift */; };
		OBJ_86 /* DelegateProxyType.swift in Sources */ = {isa = PBXBuildFile; fileRef = OBJ_36 /* DelegateProxyType.swift */; };
		OBJ_88 /* Runtime.framework in Frameworks */ = {isa = PBXBuildFile; fileRef = "CombineCocoa::Runtime::Product" /* Runtime.framework */; };
		OBJ_96 /* Package.swift in Sources */ = {isa = PBXBuildFile; fileRef = OBJ_6 /* Package.swift */; };
/* End PBXBuildFile section */

/* Begin PBXContainerItemProxy section */
		61B996BE25EA62D200D6F6ED /* PBXContainerItemProxy */ = {
			isa = PBXContainerItemProxy;
			containerPortal = OBJ_1 /* Project object */;
			proxyType = 1;
			remoteGlobalIDString = "CombineCocoa::Runtime";
			remoteInfo = Runtime;
		};
		E99EA1C0290D6C8E008EAB5D /* PBXContainerItemProxy */ = {
			isa = PBXContainerItemProxy;
			containerPortal = OBJ_1 /* Project object */;
			proxyType = 1;
			remoteGlobalIDString = "CombineCocoa::CombineCocoa";
			remoteInfo = CombineCocoa;
		};
/* End PBXContainerItemProxy section */

/* Begin PBXCopyFilesBuildPhase section */
		E99EA1C2290D6C8E008EAB5D /* Embed Frameworks */ = {
			isa = PBXCopyFilesBuildPhase;
			buildActionMask = 2147483647;
			dstPath = "";
			dstSubfolderSpec = 10;
			files = (
				E99EA1BF290D6C8E008EAB5D /* CombineCocoa.framework in Embed Frameworks */,
			);
			name = "Embed Frameworks";
			runOnlyForDeploymentPostprocessing = 0;
		};
/* End PBXCopyFilesBuildPhase section */

/* Begin PBXFileReference section */
		"CombineCocoa::CombineCocoa::Product" /* CombineCocoa.framework */ = {isa = PBXFileReference; explicitFileType = wrapper.framework; path = CombineCocoa.framework; sourceTree = BUILT_PRODUCTS_DIR; };
		"CombineCocoa::Runtime::Product" /* Runtime.framework */ = {isa = PBXFileReference; explicitFileType = wrapper.framework; path = Runtime.framework; sourceTree = BUILT_PRODUCTS_DIR; };
		E91D685A290E969C00CB6664 /* KeyValueObservingBinder.swift */ = {isa = PBXFileReference; lastKnownFileType = sourcecode.swift; path = KeyValueObservingBinder.swift; sourceTree = "<group>"; };
		E99EA1A9290D6C76008EAB5D /* Example.app */ = {isa = PBXFileReference; explicitFileType = wrapper.application; includeInIndex = 0; path = Example.app; sourceTree = BUILT_PRODUCTS_DIR; };
		E99EA1AB290D6C76008EAB5D /* AppDelegate.swift */ = {isa = PBXFileReference; lastKnownFileType = sourcecode.swift; path = AppDelegate.swift; sourceTree = "<group>"; };
		E99EA1AD290D6C76008EAB5D /* SceneDelegate.swift */ = {isa = PBXFileReference; lastKnownFileType = sourcecode.swift; path = SceneDelegate.swift; sourceTree = "<group>"; };
		E99EA1AF290D6C76008EAB5D /* ViewController.swift */ = {isa = PBXFileReference; lastKnownFileType = sourcecode.swift; path = ViewController.swift; sourceTree = "<group>"; };
		E99EA1B2290D6C76008EAB5D /* Base */ = {isa = PBXFileReference; lastKnownFileType = file.storyboard; name = Base; path = Base.lproj/Main.storyboard; sourceTree = "<group>"; };
		E99EA1B4290D6C76008EAB5D /* Assets.xcassets */ = {isa = PBXFileReference; lastKnownFileType = folder.assetcatalog; path = Assets.xcassets; sourceTree = "<group>"; };
		E99EA1B7290D6C76008EAB5D /* Base */ = {isa = PBXFileReference; lastKnownFileType = file.storyboard; name = Base; path = Base.lproj/LaunchScreen.storyboard; sourceTree = "<group>"; };
		E99EA1B9290D6C76008EAB5D /* Info.plist */ = {isa = PBXFileReference; lastKnownFileType = text.plist.xml; path = Info.plist; sourceTree = "<group>"; };
		E99EA1CA290E1711008EAB5D /* UISlider+Combine.swift */ = {isa = PBXFileReference; fileEncoding = 4; lastKnownFileType = sourcecode.swift; path = "UISlider+Combine.swift"; sourceTree = "<group>"; };
		E99EA1CB290E1711008EAB5D /* UITableView+Combine.swift */ = {isa = PBXFileReference; fileEncoding = 4; lastKnownFileType = sourcecode.swift; path = "UITableView+Combine.swift"; sourceTree = "<group>"; };
		E99EA1CC290E1711008EAB5D /* UISearchBar+Combine.swift */ = {isa = PBXFileReference; fileEncoding = 4; lastKnownFileType = sourcecode.swift; path = "UISearchBar+Combine.swift"; sourceTree = "<group>"; };
		E99EA1CD290E1711008EAB5D /* UIControl+Combine.swift */ = {isa = PBXFileReference; fileEncoding = 4; lastKnownFileType = sourcecode.swift; path = "UIControl+Combine.swift"; sourceTree = "<group>"; };
		E99EA1CE290E1711008EAB5D /* UISwitch+Combine.swift */ = {isa = PBXFileReference; fileEncoding = 4; lastKnownFileType = sourcecode.swift; path = "UISwitch+Combine.swift"; sourceTree = "<group>"; };
		E99EA1CF290E1711008EAB5D /* UIGestureRecognizer+Combine.swift */ = {isa = PBXFileReference; fileEncoding = 4; lastKnownFileType = sourcecode.swift; path = "UIGestureRecognizer+Combine.swift"; sourceTree = "<group>"; };
		E99EA1D0290E1711008EAB5D /* UIPageControl+Combine.swift */ = {isa = PBXFileReference; fileEncoding = 4; lastKnownFileType = sourcecode.swift; path = "UIPageControl+Combine.swift"; sourceTree = "<group>"; };
		E99EA1D1290E1711008EAB5D /* UIStepper+Combine.swift */ = {isa = PBXFileReference; fileEncoding = 4; lastKnownFileType = sourcecode.swift; path = "UIStepper+Combine.swift"; sourceTree = "<group>"; };
		E99EA1D2290E1711008EAB5D /* UIButton+Combine.swift */ = {isa = PBXFileReference; fileEncoding = 4; lastKnownFileType = sourcecode.swift; path = "UIButton+Combine.swift"; sourceTree = "<group>"; };
		E99EA1D3290E1711008EAB5D /* UISegmentedControl+Combine.swift */ = {isa = PBXFileReference; fileEncoding = 4; lastKnownFileType = sourcecode.swift; path = "UISegmentedControl+Combine.swift"; sourceTree = "<group>"; };
		E99EA1D4290E1711008EAB5D /* UITextView+Combine.swift */ = {isa = PBXFileReference; fileEncoding = 4; lastKnownFileType = sourcecode.swift; path = "UITextView+Combine.swift"; sourceTree = "<group>"; };
		E99EA1D5290E1711008EAB5D /* NSTextStorage+Combine.swift */ = {isa = PBXFileReference; fileEncoding = 4; lastKnownFileType = sourcecode.swift; path = "NSTextStorage+Combine.swift"; sourceTree = "<group>"; };
		E99EA1D6290E1711008EAB5D /* UIScrollView+Combine.swift */ = {isa = PBXFileReference; fileEncoding = 4; lastKnownFileType = sourcecode.swift; path = "UIScrollView+Combine.swift"; sourceTree = "<group>"; };
		E99EA1D7290E1711008EAB5D /* UICollectionView+Combine.swift */ = {isa = PBXFileReference; fileEncoding = 4; lastKnownFileType = sourcecode.swift; path = "UICollectionView+Combine.swift"; sourceTree = "<group>"; };
		E99EA1D8290E1711008EAB5D /* UIDatePicker+Combine.swift */ = {isa = PBXFileReference; fileEncoding = 4; lastKnownFileType = sourcecode.swift; path = "UIDatePicker+Combine.swift"; sourceTree = "<group>"; };
		E99EA1DA290E1711008EAB5D /* TableViewDelegateProxy.swift */ = {isa = PBXFileReference; fileEncoding = 4; lastKnownFileType = sourcecode.swift; path = TableViewDelegateProxy.swift; sourceTree = "<group>"; };
		E99EA1DB290E1711008EAB5D /* TableViewDataSourceProxy.swift */ = {isa = PBXFileReference; fileEncoding = 4; lastKnownFileType = sourcecode.swift; path = TableViewDataSourceProxy.swift; sourceTree = "<group>"; };
		E99EA1DC290E1711008EAB5D /* UIRefreshControl+Combine.swift */ = {isa = PBXFileReference; fileEncoding = 4; lastKnownFileType = sourcecode.swift; path = "UIRefreshControl+Combine.swift"; sourceTree = "<group>"; };
		E99EA1DD290E1711008EAB5D /* UITextField+Combine.swift */ = {isa = PBXFileReference; fileEncoding = 4; lastKnownFileType = sourcecode.swift; path = "UITextField+Combine.swift"; sourceTree = "<group>"; };
		E99EA1DE290E1711008EAB5D /* UIBarButtonItem+Combine.swift */ = {isa = PBXFileReference; fileEncoding = 4; lastKnownFileType = sourcecode.swift; path = "UIBarButtonItem+Combine.swift"; sourceTree = "<group>"; };
		E99EA1F3290E1722008EAB5D /* CombineCocoaPublishers.swift */ = {isa = PBXFileReference; fileEncoding = 4; lastKnownFileType = sourcecode.swift; path = CombineCocoaPublishers.swift; sourceTree = "<group>"; };
		E99EA1F6290E17B0008EAB5D /* Binder.swift */ = {isa = PBXFileReference; lastKnownFileType = sourcecode.swift; path = Binder.swift; sourceTree = "<group>"; };
		E99EA1F8290E1D87008EAB5D /* Publisher+Bind.swift */ = {isa = PBXFileReference; lastKnownFileType = sourcecode.swift; path = "Publisher+Bind.swift"; sourceTree = "<group>"; };
		E99EA1FA290E1DB7008EAB5D /* CombineCocoaBinders.swift */ = {isa = PBXFileReference; lastKnownFileType = sourcecode.swift; path = CombineCocoaBinders.swift; sourceTree = "<group>"; };
		OBJ_10 /* AnimatedAssignSubscriber.swift */ = {isa = PBXFileReference; lastKnownFileType = sourcecode.swift; path = AnimatedAssignSubscriber.swift; sourceTree = "<group>"; };
		OBJ_11 /* CombineControlEvent.swift */ = {isa = PBXFileReference; lastKnownFileType = sourcecode.swift; path = CombineControlEvent.swift; sourceTree = "<group>"; };
		OBJ_12 /* CombineControlProperty.swift */ = {isa = PBXFileReference; lastKnownFileType = sourcecode.swift; path = CombineControlProperty.swift; sourceTree = "<group>"; };
		OBJ_13 /* CombineControlTarget.swift */ = {isa = PBXFileReference; lastKnownFileType = sourcecode.swift; path = CombineControlTarget.swift; sourceTree = "<group>"; };
		OBJ_34 /* DelegateProxy.swift */ = {isa = PBXFileReference; lastKnownFileType = sourcecode.swift; path = DelegateProxy.swift; sourceTree = "<group>"; };
		OBJ_35 /* DelegateProxyPublisher.swift */ = {isa = PBXFileReference; lastKnownFileType = sourcecode.swift; path = DelegateProxyPublisher.swift; sourceTree = "<group>"; };
		OBJ_36 /* DelegateProxyType.swift */ = {isa = PBXFileReference; lastKnownFileType = sourcecode.swift; path = DelegateProxyType.swift; sourceTree = "<group>"; };
		OBJ_38 /* ObjcDelegateProxy.m */ = {isa = PBXFileReference; lastKnownFileType = sourcecode.c.objc; path = ObjcDelegateProxy.m; sourceTree = "<group>"; };
		OBJ_40 /* ObjcDelegateProxy.h */ = {isa = PBXFileReference; lastKnownFileType = sourcecode.c.h; path = ObjcDelegateProxy.h; sourceTree = "<group>"; };
		OBJ_41 /* module.modulemap */ = {isa = PBXFileReference; lastKnownFileType = "sourcecode.module-map"; name = module.modulemap; path = /Users/hsncr/Desktop/workspace/CombineCocoa/Sources/Runtime/include/module.modulemap; sourceTree = "<group>"; };
		OBJ_46 /* Example */ = {isa = PBXFileReference; lastKnownFileType = folder; path = Example; sourceTree = SOURCE_ROOT; };
		OBJ_47 /* Resources */ = {isa = PBXFileReference; lastKnownFileType = folder; path = Resources; sourceTree = SOURCE_ROOT; };
		OBJ_48 /* scripts */ = {isa = PBXFileReference; lastKnownFileType = folder; path = scripts; sourceTree = SOURCE_ROOT; };
		OBJ_49 /* CODE_OF_CONDUCT.md */ = {isa = PBXFileReference; lastKnownFileType = net.daringfireball.markdown; path = CODE_OF_CONDUCT.md; sourceTree = "<group>"; };
		OBJ_50 /* codecov.yml */ = {isa = PBXFileReference; lastKnownFileType = text.yaml; path = codecov.yml; sourceTree = "<group>"; };
		OBJ_51 /* LICENSE */ = {isa = PBXFileReference; lastKnownFileType = text; path = LICENSE; sourceTree = "<group>"; };
		OBJ_52 /* Makefile */ = {isa = PBXFileReference; lastKnownFileType = sourcecode.make; path = Makefile; sourceTree = "<group>"; };
		OBJ_53 /* README.md */ = {isa = PBXFileReference; lastKnownFileType = net.daringfireball.markdown; path = README.md; sourceTree = "<group>"; };
		OBJ_54 /* Gemfile */ = {isa = PBXFileReference; lastKnownFileType = text; path = Gemfile; sourceTree = "<group>"; };
		OBJ_55 /* Gemfile.lock */ = {isa = PBXFileReference; lastKnownFileType = text; path = Gemfile.lock; sourceTree = "<group>"; };
		OBJ_56 /* CombineCocoa.podspec */ = {isa = PBXFileReference; lastKnownFileType = text; path = CombineCocoa.podspec; sourceTree = "<group>"; };
		OBJ_6 /* Package.swift */ = {isa = PBXFileReference; explicitFileType = sourcecode.swift; path = Package.swift; sourceTree = "<group>"; };
		OBJ_9 /* CombineCocoa.h */ = {isa = PBXFileReference; lastKnownFileType = sourcecode.c.h; path = CombineCocoa.h; sourceTree = "<group>"; };
/* End PBXFileReference section */

/* Begin PBXFrameworksBuildPhase section */
		E99EA1A6290D6C76008EAB5D /* Frameworks */ = {
			isa = PBXFrameworksBuildPhase;
			buildActionMask = 2147483647;
			files = (
				E99EA1BE290D6C8E008EAB5D /* CombineCocoa.framework in Frameworks */,
			);
			runOnlyForDeploymentPostprocessing = 0;
		};
		OBJ_102 /* Frameworks */ = {
			isa = PBXFrameworksBuildPhase;
			buildActionMask = 0;
			files = (
			);
			runOnlyForDeploymentPostprocessing = 0;
		};
		OBJ_87 /* Frameworks */ = {
			isa = PBXFrameworksBuildPhase;
			buildActionMask = 0;
			files = (
				OBJ_88 /* Runtime.framework in Frameworks */,
			);
			runOnlyForDeploymentPostprocessing = 0;
		};
/* End PBXFrameworksBuildPhase section */

/* Begin PBXGroup section */
		E99EA1AA290D6C76008EAB5D /* Example */ = {
			isa = PBXGroup;
			children = (
				E99EA1AB290D6C76008EAB5D /* AppDelegate.swift */,
				E99EA1AD290D6C76008EAB5D /* SceneDelegate.swift */,
				E99EA1AF290D6C76008EAB5D /* ViewController.swift */,
				E99EA1B1290D6C76008EAB5D /* Main.storyboard */,
				E99EA1B4290D6C76008EAB5D /* Assets.xcassets */,
				E99EA1B6290D6C76008EAB5D /* LaunchScreen.storyboard */,
				E99EA1B9290D6C76008EAB5D /* Info.plist */,
			);
			path = Example;
			sourceTree = "<group>";
		};
		E99EA1BD290D6C8E008EAB5D /* Frameworks */ = {
			isa = PBXGroup;
			children = (
			);
			name = Frameworks;
			sourceTree = "<group>";
		};
		E99EA1C9290E1711008EAB5D /* iOS */ = {
			isa = PBXGroup;
			children = (
				E99EA1D9290E1711008EAB5D /* Proxies */,
				E99EA1D5290E1711008EAB5D /* NSTextStorage+Combine.swift */,
				E99EA1DE290E1711008EAB5D /* UIBarButtonItem+Combine.swift */,
				E99EA1D2290E1711008EAB5D /* UIButton+Combine.swift */,
				E99EA1D7290E1711008EAB5D /* UICollectionView+Combine.swift */,
				E99EA1CD290E1711008EAB5D /* UIControl+Combine.swift */,
				E99EA1D8290E1711008EAB5D /* UIDatePicker+Combine.swift */,
				E99EA1CF290E1711008EAB5D /* UIGestureRecognizer+Combine.swift */,
				E99EA1D0290E1711008EAB5D /* UIPageControl+Combine.swift */,
				E99EA1DC290E1711008EAB5D /* UIRefreshControl+Combine.swift */,
				E99EA1D6290E1711008EAB5D /* UIScrollView+Combine.swift */,
				E99EA1CC290E1711008EAB5D /* UISearchBar+Combine.swift */,
				E99EA1D3290E1711008EAB5D /* UISegmentedControl+Combine.swift */,
				E99EA1CA290E1711008EAB5D /* UISlider+Combine.swift */,
				E99EA1D1290E1711008EAB5D /* UIStepper+Combine.swift */,
				E99EA1CE290E1711008EAB5D /* UISwitch+Combine.swift */,
				E99EA1CB290E1711008EAB5D /* UITableView+Combine.swift */,
				E99EA1DD290E1711008EAB5D /* UITextField+Combine.swift */,
				E99EA1D4290E1711008EAB5D /* UITextView+Combine.swift */,
			);
			path = iOS;
			sourceTree = "<group>";
		};
		E99EA1D9290E1711008EAB5D /* Proxies */ = {
			isa = PBXGroup;
			children = (
				E99EA1DA290E1711008EAB5D /* TableViewDelegateProxy.swift */,
				E99EA1DB290E1711008EAB5D /* TableViewDataSourceProxy.swift */,
			);
			path = Proxies;
			sourceTree = "<group>";
		};
		E99EA1F5290E1769008EAB5D /* Common */ = {
			isa = PBXGroup;
			children = (
				E99EA1F6290E17B0008EAB5D /* Binder.swift */,
				E91D685A290E969C00CB6664 /* KeyValueObservingBinder.swift */,
				E99EA1F8290E1D87008EAB5D /* Publisher+Bind.swift */,
			);
			path = Common;
			sourceTree = "<group>";
		};
		OBJ_33 /* DelegateProxy */ = {
			isa = PBXGroup;
			children = (
				OBJ_34 /* DelegateProxy.swift */,
				OBJ_35 /* DelegateProxyPublisher.swift */,
				OBJ_36 /* DelegateProxyType.swift */,
			);
			path = DelegateProxy;
			sourceTree = "<group>";
		};
		OBJ_37 /* Runtime */ = {
			isa = PBXGroup;
			children = (
				OBJ_38 /* ObjcDelegateProxy.m */,
				OBJ_39 /* include */,
			);
			name = Runtime;
			path = Sources/Runtime;
			sourceTree = SOURCE_ROOT;
		};
		OBJ_39 /* include */ = {
			isa = PBXGroup;
			children = (
				OBJ_40 /* ObjcDelegateProxy.h */,
				OBJ_41 /* module.modulemap */,
			);
			path = include;
			sourceTree = "<group>";
		};
		OBJ_42 /* Tests */ = {
			isa = PBXGroup;
			children = (
			);
			name = Tests;
			sourceTree = SOURCE_ROOT;
		};
		OBJ_43 /* Products */ = {
			isa = PBXGroup;
			children = (
				"CombineCocoa::Runtime::Product" /* Runtime.framework */,
				"CombineCocoa::CombineCocoa::Product" /* CombineCocoa.framework */,
				E99EA1A9290D6C76008EAB5D /* Example.app */,
			);
			name = Products;
			sourceTree = BUILT_PRODUCTS_DIR;
		};
		OBJ_5 = {
			isa = PBXGroup;
			children = (
				OBJ_6 /* Package.swift */,
				OBJ_7 /* Sources */,
				OBJ_42 /* Tests */,
				E99EA1AA290D6C76008EAB5D /* Example */,
				OBJ_43 /* Products */,
				OBJ_46 /* Example */,
				OBJ_47 /* Resources */,
				OBJ_48 /* scripts */,
				OBJ_49 /* CODE_OF_CONDUCT.md */,
				OBJ_50 /* codecov.yml */,
				OBJ_51 /* LICENSE */,
				OBJ_52 /* Makefile */,
				OBJ_53 /* README.md */,
				OBJ_54 /* Gemfile */,
				OBJ_55 /* Gemfile.lock */,
				OBJ_56 /* CombineCocoa.podspec */,
				E99EA1BD290D6C8E008EAB5D /* Frameworks */,
			);
			sourceTree = "<group>";
		};
		OBJ_7 /* Sources */ = {
			isa = PBXGroup;
			children = (
				OBJ_8 /* CombineCocoa */,
				OBJ_37 /* Runtime */,
			);
			name = Sources;
			sourceTree = SOURCE_ROOT;
		};
		OBJ_8 /* CombineCocoa */ = {
			isa = PBXGroup;
			children = (
				OBJ_9 /* CombineCocoa.h */,
				E99EA1F3290E1722008EAB5D /* CombineCocoaPublishers.swift */,
				E99EA1FA290E1DB7008EAB5D /* CombineCocoaBinders.swift */,
				OBJ_10 /* AnimatedAssignSubscriber.swift */,
				OBJ_11 /* CombineControlEvent.swift */,
				OBJ_12 /* CombineControlProperty.swift */,
				OBJ_13 /* CombineControlTarget.swift */,
				E99EA1F5290E1769008EAB5D /* Common */,
				E99EA1C9290E1711008EAB5D /* iOS */,
				OBJ_33 /* DelegateProxy */,
			);
			name = CombineCocoa;
			path = Sources/CombineCocoa;
			sourceTree = SOURCE_ROOT;
		};
/* End PBXGroup section */

/* Begin PBXNativeTarget section */
		"CombineCocoa::CombineCocoa" /* CombineCocoa */ = {
			isa = PBXNativeTarget;
			buildConfigurationList = OBJ_58 /* Build configuration list for PBXNativeTarget "CombineCocoa" */;
			buildPhases = (
				OBJ_61 /* Sources */,
				OBJ_87 /* Frameworks */,
			);
			buildRules = (
			);
			dependencies = (
				OBJ_89 /* PBXTargetDependency */,
			);
			name = CombineCocoa;
			productName = CombineCocoa;
			productReference = "CombineCocoa::CombineCocoa::Product" /* CombineCocoa.framework */;
			productType = "com.apple.product-type.framework";
		};
		"CombineCocoa::Runtime" /* Runtime */ = {
			isa = PBXNativeTarget;
			buildConfigurationList = OBJ_97 /* Build configuration list for PBXNativeTarget "Runtime" */;
			buildPhases = (
				OBJ_100 /* Sources */,
				OBJ_102 /* Frameworks */,
			);
			buildRules = (
			);
			dependencies = (
			);
			name = Runtime;
			productName = Runtime;
			productReference = "CombineCocoa::Runtime::Product" /* Runtime.framework */;
			productType = "com.apple.product-type.framework";
		};
		"CombineCocoa::SwiftPMPackageDescription" /* CombineCocoaPackageDescription */ = {
			isa = PBXNativeTarget;
			buildConfigurationList = OBJ_92 /* Build configuration list for PBXNativeTarget "CombineCocoaPackageDescription" */;
			buildPhases = (
				OBJ_95 /* Sources */,
			);
			buildRules = (
			);
			dependencies = (
			);
			name = CombineCocoaPackageDescription;
			productName = CombineCocoaPackageDescription;
			productType = "com.apple.product-type.framework";
		};
		E99EA1A8290D6C76008EAB5D /* Example */ = {
			isa = PBXNativeTarget;
			buildConfigurationList = E99EA1BA290D6C76008EAB5D /* Build configuration list for PBXNativeTarget "Example" */;
			buildPhases = (
				E99EA1A5290D6C76008EAB5D /* Sources */,
				E99EA1A6290D6C76008EAB5D /* Frameworks */,
				E99EA1A7290D6C76008EAB5D /* Resources */,
				E99EA1C2290D6C8E008EAB5D /* Embed Frameworks */,
			);
			buildRules = (
			);
			dependencies = (
				E99EA1C1290D6C8E008EAB5D /* PBXTargetDependency */,
			);
			name = Example;
			productName = Example;
			productReference = E99EA1A9290D6C76008EAB5D /* Example.app */;
			productType = "com.apple.product-type.application";
		};
/* End PBXNativeTarget section */

/* Begin PBXProject section */
		OBJ_1 /* Project object */ = {
			isa = PBXProject;
			attributes = {
				LastSwiftMigration = 9999;
				LastSwiftUpdateCheck = 1400;
				LastUpgradeCheck = 1410;
				TargetAttributes = {
					E99EA1A8290D6C76008EAB5D = {
						CreatedOnToolsVersion = 14.0.1;
						DevelopmentTeam = D5Q73692VW;
						ProvisioningStyle = Automatic;
					};
				};
			};
			buildConfigurationList = OBJ_2 /* Build configuration list for PBXProject "CombineCocoa" */;
			compatibilityVersion = "Xcode 3.2";
			developmentRegion = en;
			hasScannedForEncodings = 0;
			knownRegions = (
				en,
				Base,
			);
			mainGroup = OBJ_5;
			productRefGroup = OBJ_43 /* Products */;
			projectDirPath = "";
			projectRoot = "";
			targets = (
				"CombineCocoa::CombineCocoa" /* CombineCocoa */,
				"CombineCocoa::SwiftPMPackageDescription" /* CombineCocoaPackageDescription */,
				"CombineCocoa::Runtime" /* Runtime */,
				E99EA1A8290D6C76008EAB5D /* Example */,
			);
		};
/* End PBXProject section */

/* Begin PBXResourcesBuildPhase section */
		E99EA1A7290D6C76008EAB5D /* Resources */ = {
			isa = PBXResourcesBuildPhase;
			buildActionMask = 2147483647;
			files = (
				E99EA1B8290D6C76008EAB5D /* LaunchScreen.storyboard in Resources */,
				E99EA1B5290D6C76008EAB5D /* Assets.xcassets in Resources */,
				E99EA1B3290D6C76008EAB5D /* Main.storyboard in Resources */,
			);
			runOnlyForDeploymentPostprocessing = 0;
		};
/* End PBXResourcesBuildPhase section */

/* Begin PBXSourcesBuildPhase section */
		E99EA1A5290D6C76008EAB5D /* Sources */ = {
			isa = PBXSourcesBuildPhase;
			buildActionMask = 2147483647;
			files = (
				E99EA1B0290D6C76008EAB5D /* ViewController.swift in Sources */,
				E99EA1AC290D6C76008EAB5D /* AppDelegate.swift in Sources */,
				E99EA1AE290D6C76008EAB5D /* SceneDelegate.swift in Sources */,
			);
			runOnlyForDeploymentPostprocessing = 0;
		};
		OBJ_100 /* Sources */ = {
			isa = PBXSourcesBuildPhase;
			buildActionMask = 0;
			files = (
				OBJ_101 /* ObjcDelegateProxy.m in Sources */,
			);
			runOnlyForDeploymentPostprocessing = 0;
		};
		OBJ_61 /* Sources */ = {
			isa = PBXSourcesBuildPhase;
			buildActionMask = 0;
			files = (
				E99EA1E3290E1711008EAB5D /* UISwitch+Combine.swift in Sources */,
				E91D685B290E969C00CB6664 /* KeyValueObservingBinder.swift in Sources */,
				E99EA1F9290E1D87008EAB5D /* Publisher+Bind.swift in Sources */,
				E99EA1DF290E1711008EAB5D /* UISlider+Combine.swift in Sources */,
				E99EA1F1290E1711008EAB5D /* UITextField+Combine.swift in Sources */,
				OBJ_62 /* AnimatedAssignSubscriber.swift in Sources */,
				E99EA1F2290E1711008EAB5D /* UIBarButtonItem+Combine.swift in Sources */,
				OBJ_63 /* CombineControlEvent.swift in Sources */,
				OBJ_64 /* CombineControlProperty.swift in Sources */,
				OBJ_65 /* CombineControlTarget.swift in Sources */,
				E99EA1F4290E1722008EAB5D /* CombineCocoaPublishers.swift in Sources */,
				E99EA1EC290E1711008EAB5D /* UICollectionView+Combine.swift in Sources */,
				E99EA1FB290E1DB7008EAB5D /* CombineCocoaBinders.swift in Sources */,
				E99EA1EA290E1711008EAB5D /* NSTextStorage+Combine.swift in Sources */,
				E99EA1E7290E1711008EAB5D /* UIButton+Combine.swift in Sources */,
				E99EA1EB290E1711008EAB5D /* UIScrollView+Combine.swift in Sources */,
				E99EA1F0290E1711008EAB5D /* UIRefreshControl+Combine.swift in Sources */,
				E99EA1E4290E1711008EAB5D /* UIGestureRecognizer+Combine.swift in Sources */,
				E99EA1E1290E1711008EAB5D /* UISearchBar+Combine.swift in Sources */,
				E99EA1EF290E1711008EAB5D /* TableViewDataSourceProxy.swift in Sources */,
				E99EA1EE290E1711008EAB5D /* TableViewDelegateProxy.swift in Sources */,
				E99EA1E2290E1711008EAB5D /* UIControl+Combine.swift in Sources */,
				E99EA1E0290E1711008EAB5D /* UITableView+Combine.swift in Sources */,
				E99EA1E9290E1711008EAB5D /* UITextView+Combine.swift in Sources */,
				E99EA1E5290E1711008EAB5D /* UIPageControl+Combine.swift in Sources */,
				E99EA1F7290E17B0008EAB5D /* Binder.swift in Sources */,
				OBJ_84 /* DelegateProxy.swift in Sources */,
				E99EA1E8290E1711008EAB5D /* UISegmentedControl+Combine.swift in Sources */,
				E99EA1E6290E1711008EAB5D /* UIStepper+Combine.swift in Sources */,
				E99EA1ED290E1711008EAB5D /* UIDatePicker+Combine.swift in Sources */,
				OBJ_85 /* DelegateProxyPublisher.swift in Sources */,
				OBJ_86 /* DelegateProxyType.swift in Sources */,
			);
			runOnlyForDeploymentPostprocessing = 0;
		};
		OBJ_95 /* Sources */ = {
			isa = PBXSourcesBuildPhase;
			buildActionMask = 0;
			files = (
				OBJ_96 /* Package.swift in Sources */,
			);
			runOnlyForDeploymentPostprocessing = 0;
		};
/* End PBXSourcesBuildPhase section */

/* Begin PBXTargetDependency section */
		E99EA1C1290D6C8E008EAB5D /* PBXTargetDependency */ = {
			isa = PBXTargetDependency;
			target = "CombineCocoa::CombineCocoa" /* CombineCocoa */;
			targetProxy = E99EA1C0290D6C8E008EAB5D /* PBXContainerItemProxy */;
		};
		OBJ_89 /* PBXTargetDependency */ = {
			isa = PBXTargetDependency;
			target = "CombineCocoa::Runtime" /* Runtime */;
			targetProxy = 61B996BE25EA62D200D6F6ED /* PBXContainerItemProxy */;
		};
/* End PBXTargetDependency section */

/* Begin PBXVariantGroup section */
		E99EA1B1290D6C76008EAB5D /* Main.storyboard */ = {
			isa = PBXVariantGroup;
			children = (
				E99EA1B2290D6C76008EAB5D /* Base */,
			);
			name = Main.storyboard;
			sourceTree = "<group>";
		};
		E99EA1B6290D6C76008EAB5D /* LaunchScreen.storyboard */ = {
			isa = PBXVariantGroup;
			children = (
				E99EA1B7290D6C76008EAB5D /* Base */,
			);
			name = LaunchScreen.storyboard;
			sourceTree = "<group>";
		};
/* End PBXVariantGroup section */

/* Begin XCBuildConfiguration section */
		E99EA1BB290D6C76008EAB5D /* Debug */ = {
			isa = XCBuildConfiguration;
			buildSettings = {
				ALWAYS_SEARCH_USER_PATHS = NO;
				ASSETCATALOG_COMPILER_APPICON_NAME = AppIcon;
				ASSETCATALOG_COMPILER_GLOBAL_ACCENT_COLOR_NAME = AccentColor;
				CLANG_ANALYZER_NONNULL = YES;
				CLANG_ANALYZER_NUMBER_OBJECT_CONVERSION = YES_AGGRESSIVE;
				CLANG_CXX_LANGUAGE_STANDARD = "gnu++20";
				CLANG_ENABLE_MODULES = YES;
				CLANG_ENABLE_OBJC_WEAK = YES;
				CLANG_WARN_BLOCK_CAPTURE_AUTORELEASING = YES;
				CLANG_WARN_BOOL_CONVERSION = YES;
				CLANG_WARN_COMMA = YES;
				CLANG_WARN_CONSTANT_CONVERSION = YES;
				CLANG_WARN_DEPRECATED_OBJC_IMPLEMENTATIONS = YES;
				CLANG_WARN_DIRECT_OBJC_ISA_USAGE = YES_ERROR;
				CLANG_WARN_DOCUMENTATION_COMMENTS = YES;
				CLANG_WARN_EMPTY_BODY = YES;
				CLANG_WARN_ENUM_CONVERSION = YES;
				CLANG_WARN_INFINITE_RECURSION = YES;
				CLANG_WARN_INT_CONVERSION = YES;
				CLANG_WARN_NON_LITERAL_NULL_CONVERSION = YES;
				CLANG_WARN_OBJC_IMPLICIT_RETAIN_SELF = YES;
				CLANG_WARN_OBJC_LITERAL_CONVERSION = YES;
				CLANG_WARN_OBJC_ROOT_CLASS = YES_ERROR;
				CLANG_WARN_QUOTED_INCLUDE_IN_FRAMEWORK_HEADER = YES;
				CLANG_WARN_RANGE_LOOP_ANALYSIS = YES;
				CLANG_WARN_STRICT_PROTOTYPES = YES;
				CLANG_WARN_SUSPICIOUS_MOVE = YES;
				CLANG_WARN_UNGUARDED_AVAILABILITY = YES_AGGRESSIVE;
				CLANG_WARN_UNREACHABLE_CODE = YES;
				CLANG_WARN__DUPLICATE_METHOD_MATCH = YES;
				CODE_SIGN_STYLE = Automatic;
				CURRENT_PROJECT_VERSION = 1;
				DEVELOPMENT_TEAM = D5Q73692VW;
				ENABLE_STRICT_OBJC_MSGSEND = YES;
				ENABLE_TESTABILITY = YES;
				GCC_C_LANGUAGE_STANDARD = gnu11;
				GCC_DYNAMIC_NO_PIC = NO;
				GCC_NO_COMMON_BLOCKS = YES;
				GCC_PREPROCESSOR_DEFINITIONS = (
					"DEBUG=1",
					"$(inherited)",
				);
				GCC_WARN_64_TO_32_BIT_CONVERSION = YES;
				GCC_WARN_ABOUT_RETURN_TYPE = YES_ERROR;
				GCC_WARN_UNDECLARED_SELECTOR = YES;
				GCC_WARN_UNINITIALIZED_AUTOS = YES_AGGRESSIVE;
				GCC_WARN_UNUSED_FUNCTION = YES;
				GCC_WARN_UNUSED_VARIABLE = YES;
				GENERATE_INFOPLIST_FILE = YES;
				INFOPLIST_FILE = Example/Info.plist;
				INFOPLIST_KEY_UIApplicationSupportsIndirectInputEvents = YES;
				INFOPLIST_KEY_UILaunchStoryboardName = LaunchScreen;
				INFOPLIST_KEY_UIMainStoryboardFile = Main;
				INFOPLIST_KEY_UISupportedInterfaceOrientations_iPad = "UIInterfaceOrientationPortrait UIInterfaceOrientationPortraitUpsideDown UIInterfaceOrientationLandscapeLeft UIInterfaceOrientationLandscapeRight";
				INFOPLIST_KEY_UISupportedInterfaceOrientations_iPhone = "UIInterfaceOrientationPortrait UIInterfaceOrientationLandscapeLeft UIInterfaceOrientationLandscapeRight";
				IPHONEOS_DEPLOYMENT_TARGET = 15.0;
				LD_RUNPATH_SEARCH_PATHS = "$(inherited) @executable_path/Frameworks";
				MACOSX_DEPLOYMENT_TARGET = "$(RECOMMENDED_MACOSX_DEPLOYMENT_TARGET)";
				MARKETING_VERSION = 1.0;
				MTL_ENABLE_DEBUG_INFO = INCLUDE_SOURCE;
				MTL_FAST_MATH = YES;
				PRODUCT_BUNDLE_IDENTIFIER = developer.JH.Example;
				PRODUCT_NAME = "$(TARGET_NAME)";
				SDKROOT = iphoneos;
				SUPPORTED_PLATFORMS = "iphoneos iphonesimulator";
				SUPPORTS_MACCATALYST = NO;
				SUPPORTS_MAC_DESIGNED_FOR_IPHONE_IPAD = NO;
				SWIFT_ACTIVE_COMPILATION_CONDITIONS = DEBUG;
				SWIFT_EMIT_LOC_STRINGS = YES;
				SWIFT_VERSION = 5.0;
				TARGETED_DEVICE_FAMILY = "1,2";
			};
			name = Debug;
		};
		E99EA1BC290D6C76008EAB5D /* Release */ = {
			isa = XCBuildConfiguration;
			buildSettings = {
				ALWAYS_SEARCH_USER_PATHS = NO;
				ASSETCATALOG_COMPILER_APPICON_NAME = AppIcon;
				ASSETCATALOG_COMPILER_GLOBAL_ACCENT_COLOR_NAME = AccentColor;
				CLANG_ANALYZER_NONNULL = YES;
				CLANG_ANALYZER_NUMBER_OBJECT_CONVERSION = YES_AGGRESSIVE;
				CLANG_CXX_LANGUAGE_STANDARD = "gnu++20";
				CLANG_ENABLE_MODULES = YES;
				CLANG_ENABLE_OBJC_WEAK = YES;
				CLANG_WARN_BLOCK_CAPTURE_AUTORELEASING = YES;
				CLANG_WARN_BOOL_CONVERSION = YES;
				CLANG_WARN_COMMA = YES;
				CLANG_WARN_CONSTANT_CONVERSION = YES;
				CLANG_WARN_DEPRECATED_OBJC_IMPLEMENTATIONS = YES;
				CLANG_WARN_DIRECT_OBJC_ISA_USAGE = YES_ERROR;
				CLANG_WARN_DOCUMENTATION_COMMENTS = YES;
				CLANG_WARN_EMPTY_BODY = YES;
				CLANG_WARN_ENUM_CONVERSION = YES;
				CLANG_WARN_INFINITE_RECURSION = YES;
				CLANG_WARN_INT_CONVERSION = YES;
				CLANG_WARN_NON_LITERAL_NULL_CONVERSION = YES;
				CLANG_WARN_OBJC_IMPLICIT_RETAIN_SELF = YES;
				CLANG_WARN_OBJC_LITERAL_CONVERSION = YES;
				CLANG_WARN_OBJC_ROOT_CLASS = YES_ERROR;
				CLANG_WARN_QUOTED_INCLUDE_IN_FRAMEWORK_HEADER = YES;
				CLANG_WARN_RANGE_LOOP_ANALYSIS = YES;
				CLANG_WARN_STRICT_PROTOTYPES = YES;
				CLANG_WARN_SUSPICIOUS_MOVE = YES;
				CLANG_WARN_UNGUARDED_AVAILABILITY = YES_AGGRESSIVE;
				CLANG_WARN_UNREACHABLE_CODE = YES;
				CLANG_WARN__DUPLICATE_METHOD_MATCH = YES;
				CODE_SIGN_STYLE = Automatic;
				COPY_PHASE_STRIP = NO;
				CURRENT_PROJECT_VERSION = 1;
				DEVELOPMENT_TEAM = D5Q73692VW;
				ENABLE_NS_ASSERTIONS = NO;
				ENABLE_STRICT_OBJC_MSGSEND = YES;
				GCC_C_LANGUAGE_STANDARD = gnu11;
				GCC_NO_COMMON_BLOCKS = YES;
				GCC_WARN_64_TO_32_BIT_CONVERSION = YES;
				GCC_WARN_ABOUT_RETURN_TYPE = YES_ERROR;
				GCC_WARN_UNDECLARED_SELECTOR = YES;
				GCC_WARN_UNINITIALIZED_AUTOS = YES_AGGRESSIVE;
				GCC_WARN_UNUSED_FUNCTION = YES;
				GCC_WARN_UNUSED_VARIABLE = YES;
				GENERATE_INFOPLIST_FILE = YES;
				INFOPLIST_FILE = Example/Info.plist;
				INFOPLIST_KEY_UIApplicationSupportsIndirectInputEvents = YES;
				INFOPLIST_KEY_UILaunchStoryboardName = LaunchScreen;
				INFOPLIST_KEY_UIMainStoryboardFile = Main;
				INFOPLIST_KEY_UISupportedInterfaceOrientations_iPad = "UIInterfaceOrientationPortrait UIInterfaceOrientationPortraitUpsideDown UIInterfaceOrientationLandscapeLeft UIInterfaceOrientationLandscapeRight";
				INFOPLIST_KEY_UISupportedInterfaceOrientations_iPhone = "UIInterfaceOrientationPortrait UIInterfaceOrientationLandscapeLeft UIInterfaceOrientationLandscapeRight";
				IPHONEOS_DEPLOYMENT_TARGET = 15.0;
				LD_RUNPATH_SEARCH_PATHS = "$(inherited) @executable_path/Frameworks";
				MACOSX_DEPLOYMENT_TARGET = "$(RECOMMENDED_MACOSX_DEPLOYMENT_TARGET)";
				MARKETING_VERSION = 1.0;
				MTL_ENABLE_DEBUG_INFO = NO;
				MTL_FAST_MATH = YES;
				PRODUCT_BUNDLE_IDENTIFIER = developer.JH.Example;
				PRODUCT_NAME = "$(TARGET_NAME)";
				SDKROOT = iphoneos;
				SUPPORTED_PLATFORMS = "iphoneos iphonesimulator";
				SUPPORTS_MACCATALYST = NO;
				SUPPORTS_MAC_DESIGNED_FOR_IPHONE_IPAD = NO;
				SWIFT_EMIT_LOC_STRINGS = YES;
				SWIFT_VERSION = 5.0;
				TARGETED_DEVICE_FAMILY = "1,2";
				VALIDATE_PRODUCT = YES;
			};
			name = Release;
		};
		OBJ_3 /* Debug */ = {
			isa = XCBuildConfiguration;
			buildSettings = {
				CLANG_ENABLE_OBJC_ARC = YES;
				CLANG_WARN_BLOCK_CAPTURE_AUTORELEASING = YES;
				CLANG_WARN_BOOL_CONVERSION = YES;
				CLANG_WARN_COMMA = YES;
				CLANG_WARN_CONSTANT_CONVERSION = YES;
				CLANG_WARN_DEPRECATED_OBJC_IMPLEMENTATIONS = YES;
				CLANG_WARN_EMPTY_BODY = YES;
				CLANG_WARN_ENUM_CONVERSION = YES;
				CLANG_WARN_INFINITE_RECURSION = YES;
				CLANG_WARN_INT_CONVERSION = YES;
				CLANG_WARN_NON_LITERAL_NULL_CONVERSION = YES;
				CLANG_WARN_OBJC_IMPLICIT_RETAIN_SELF = YES;
				CLANG_WARN_OBJC_LITERAL_CONVERSION = YES;
				CLANG_WARN_QUOTED_INCLUDE_IN_FRAMEWORK_HEADER = YES;
				CLANG_WARN_RANGE_LOOP_ANALYSIS = YES;
				CLANG_WARN_STRICT_PROTOTYPES = YES;
				CLANG_WARN_SUSPICIOUS_MOVE = YES;
				CLANG_WARN_UNREACHABLE_CODE = YES;
				CLANG_WARN__DUPLICATE_METHOD_MATCH = YES;
				COMBINE_HIDPI_IMAGES = YES;
				COPY_PHASE_STRIP = NO;
				DEAD_CODE_STRIPPING = YES;
				DEBUG_INFORMATION_FORMAT = dwarf;
				DYLIB_INSTALL_NAME_BASE = "@rpath";
				ENABLE_NS_ASSERTIONS = YES;
				ENABLE_STRICT_OBJC_MSGSEND = YES;
				ENABLE_TESTABILITY = YES;
				GCC_NO_COMMON_BLOCKS = YES;
				GCC_OPTIMIZATION_LEVEL = 0;
				GCC_PREPROCESSOR_DEFINITIONS = (
					"$(inherited)",
					"SWIFT_PACKAGE=1",
					"DEBUG=1",
				);
				GCC_WARN_64_TO_32_BIT_CONVERSION = YES;
				GCC_WARN_ABOUT_RETURN_TYPE = YES;
				GCC_WARN_UNDECLARED_SELECTOR = YES;
				GCC_WARN_UNINITIALIZED_AUTOS = YES;
				GCC_WARN_UNUSED_FUNCTION = YES;
				GCC_WARN_UNUSED_VARIABLE = YES;
				MACOSX_DEPLOYMENT_TARGET = 10.10;
				ONLY_ACTIVE_ARCH = YES;
				OTHER_SWIFT_FLAGS = "$(inherited) -DXcode";
				PRODUCT_NAME = "$(TARGET_NAME)";
				SDKROOT = macosx;
				SUPPORTED_PLATFORMS = "macosx iphoneos iphonesimulator appletvos appletvsimulator watchos watchsimulator";
				SWIFT_ACTIVE_COMPILATION_CONDITIONS = "$(inherited) SWIFT_PACKAGE DEBUG";
				SWIFT_OPTIMIZATION_LEVEL = "-Onone";
				USE_HEADERMAP = NO;
			};
			name = Debug;
		};
		OBJ_4 /* Release */ = {
			isa = XCBuildConfiguration;
			buildSettings = {
				CLANG_ENABLE_OBJC_ARC = YES;
				CLANG_WARN_BLOCK_CAPTURE_AUTORELEASING = YES;
				CLANG_WARN_BOOL_CONVERSION = YES;
				CLANG_WARN_COMMA = YES;
				CLANG_WARN_CONSTANT_CONVERSION = YES;
				CLANG_WARN_DEPRECATED_OBJC_IMPLEMENTATIONS = YES;
				CLANG_WARN_EMPTY_BODY = YES;
				CLANG_WARN_ENUM_CONVERSION = YES;
				CLANG_WARN_INFINITE_RECURSION = YES;
				CLANG_WARN_INT_CONVERSION = YES;
				CLANG_WARN_NON_LITERAL_NULL_CONVERSION = YES;
				CLANG_WARN_OBJC_IMPLICIT_RETAIN_SELF = YES;
				CLANG_WARN_OBJC_LITERAL_CONVERSION = YES;
				CLANG_WARN_QUOTED_INCLUDE_IN_FRAMEWORK_HEADER = YES;
				CLANG_WARN_RANGE_LOOP_ANALYSIS = YES;
				CLANG_WARN_STRICT_PROTOTYPES = YES;
				CLANG_WARN_SUSPICIOUS_MOVE = YES;
				CLANG_WARN_UNREACHABLE_CODE = YES;
				CLANG_WARN__DUPLICATE_METHOD_MATCH = YES;
				COMBINE_HIDPI_IMAGES = YES;
				COPY_PHASE_STRIP = YES;
				DEAD_CODE_STRIPPING = YES;
				DEBUG_INFORMATION_FORMAT = "dwarf-with-dsym";
				DYLIB_INSTALL_NAME_BASE = "@rpath";
				ENABLE_STRICT_OBJC_MSGSEND = YES;
				GCC_NO_COMMON_BLOCKS = YES;
				GCC_OPTIMIZATION_LEVEL = s;
				GCC_PREPROCESSOR_DEFINITIONS = (
					"$(inherited)",
					"SWIFT_PACKAGE=1",
				);
				GCC_WARN_64_TO_32_BIT_CONVERSION = YES;
				GCC_WARN_ABOUT_RETURN_TYPE = YES;
				GCC_WARN_UNDECLARED_SELECTOR = YES;
				GCC_WARN_UNINITIALIZED_AUTOS = YES;
				GCC_WARN_UNUSED_FUNCTION = YES;
				GCC_WARN_UNUSED_VARIABLE = YES;
				MACOSX_DEPLOYMENT_TARGET = 10.10;
				OTHER_SWIFT_FLAGS = "$(inherited) -DXcode";
				PRODUCT_NAME = "$(TARGET_NAME)";
				SDKROOT = macosx;
				SUPPORTED_PLATFORMS = "macosx iphoneos iphonesimulator appletvos appletvsimulator watchos watchsimulator";
				SWIFT_ACTIVE_COMPILATION_CONDITIONS = "$(inherited) SWIFT_PACKAGE";
				SWIFT_OPTIMIZATION_LEVEL = "-Owholemodule";
				USE_HEADERMAP = NO;
			};
			name = Release;
		};
		OBJ_59 /* Debug */ = {
			isa = XCBuildConfiguration;
			buildSettings = {
				DEAD_CODE_STRIPPING = YES;
				ENABLE_TESTABILITY = YES;
				FRAMEWORK_SEARCH_PATHS = (
					"$(inherited)",
					"$(PLATFORM_DIR)/Developer/Library/Frameworks",
				);
				HEADER_SEARCH_PATHS = (
					"$(inherited)",
					"$(SRCROOT)/Sources/Runtime/include",
				);
				INFOPLIST_FILE = CombineCocoa.xcodeproj/CombineCocoa_Info.plist;
				IPHONEOS_DEPLOYMENT_TARGET = 13.0;
				LD_RUNPATH_SEARCH_PATHS = "$(inherited) $(TOOLCHAIN_DIR)/usr/lib/swift/macosx";
				MACOSX_DEPLOYMENT_TARGET = 10.15;
				OTHER_CFLAGS = "$(inherited)";
				OTHER_LDFLAGS = "$(inherited)";
				OTHER_SWIFT_FLAGS = "$(inherited) -Xcc -fmodule-map-file=$(SRCROOT)/Sources/Runtime/include/module.modulemap";
				PRODUCT_BUNDLE_IDENTIFIER = CombineCocoa;
				PRODUCT_MODULE_NAME = "$(TARGET_NAME:c99extidentifier)";
				PRODUCT_NAME = "$(TARGET_NAME:c99extidentifier)";
				SKIP_INSTALL = YES;
				SUPPORTED_PLATFORMS = "appletvos appletvsimulator iphoneos iphonesimulator macosx watchos watchsimulator";
				SUPPORTS_MACCATALYST = NO;
				SUPPORTS_MAC_DESIGNED_FOR_IPHONE_IPAD = NO;
				SWIFT_ACTIVE_COMPILATION_CONDITIONS = "$(inherited)";
				SWIFT_INCLUDE_PATHS = "$(SRCROOT)/Sources/Runtime/include";
				SWIFT_VERSION = 5.0;
				TARGETED_DEVICE_FAMILY = "1,2,3,4";
				TARGET_NAME = CombineCocoa;
				TVOS_DEPLOYMENT_TARGET = 13.0;
				WATCHOS_DEPLOYMENT_TARGET = 6.0;
			};
			name = Debug;
		};
		OBJ_60 /* Release */ = {
			isa = XCBuildConfiguration;
			buildSettings = {
				DEAD_CODE_STRIPPING = YES;
				ENABLE_TESTABILITY = YES;
				FRAMEWORK_SEARCH_PATHS = (
					"$(inherited)",
					"$(PLATFORM_DIR)/Developer/Library/Frameworks",
				);
				HEADER_SEARCH_PATHS = (
					"$(inherited)",
					"$(SRCROOT)/Sources/Runtime/include",
				);
				INFOPLIST_FILE = CombineCocoa.xcodeproj/CombineCocoa_Info.plist;
				IPHONEOS_DEPLOYMENT_TARGET = 13.0;
				LD_RUNPATH_SEARCH_PATHS = "$(inherited) $(TOOLCHAIN_DIR)/usr/lib/swift/macosx";
				MACOSX_DEPLOYMENT_TARGET = 10.15;
				OTHER_CFLAGS = "$(inherited)";
				OTHER_LDFLAGS = "$(inherited)";
				OTHER_SWIFT_FLAGS = "$(inherited) -Xcc -fmodule-map-file=$(SRCROOT)/Sources/Runtime/include/module.modulemap";
				PRODUCT_BUNDLE_IDENTIFIER = CombineCocoa;
				PRODUCT_MODULE_NAME = "$(TARGET_NAME:c99extidentifier)";
				PRODUCT_NAME = "$(TARGET_NAME:c99extidentifier)";
				SKIP_INSTALL = YES;
				SUPPORTED_PLATFORMS = "appletvos appletvsimulator iphoneos iphonesimulator macosx watchos watchsimulator";
				SUPPORTS_MACCATALYST = NO;
				SUPPORTS_MAC_DESIGNED_FOR_IPHONE_IPAD = NO;
				SWIFT_ACTIVE_COMPILATION_CONDITIONS = "$(inherited)";
				SWIFT_INCLUDE_PATHS = "$(SRCROOT)/Sources/Runtime/include";
				SWIFT_VERSION = 5.0;
				TARGETED_DEVICE_FAMILY = "1,2,3,4";
				TARGET_NAME = CombineCocoa;
				TVOS_DEPLOYMENT_TARGET = 13.0;
				WATCHOS_DEPLOYMENT_TARGET = 6.0;
			};
			name = Release;
		};
		OBJ_93 /* Debug */ = {
			isa = XCBuildConfiguration;
			buildSettings = {
				DEAD_CODE_STRIPPING = YES;
				LD = /usr/bin/true;
				MACOSX_DEPLOYMENT_TARGET = "$(RECOMMENDED_MACOSX_DEPLOYMENT_TARGET)";
				OTHER_SWIFT_FLAGS = "-swift-version 5 -I $(TOOLCHAIN_DIR)/usr/lib/swift/pm/4_2 -sdk /Applications/Xcode.app/Contents/Developer/Platforms/MacOSX.platform/Developer/SDKs/MacOSX11.0.sdk -package-description-version 5.1.0";
				SWIFT_VERSION = 5.0;
			};
			name = Debug;
		};
		OBJ_94 /* Release */ = {
			isa = XCBuildConfiguration;
			buildSettings = {
				DEAD_CODE_STRIPPING = YES;
				LD = /usr/bin/true;
				MACOSX_DEPLOYMENT_TARGET = "$(RECOMMENDED_MACOSX_DEPLOYMENT_TARGET)";
				OTHER_SWIFT_FLAGS = "-swift-version 5 -I $(TOOLCHAIN_DIR)/usr/lib/swift/pm/4_2 -sdk /Applications/Xcode.app/Contents/Developer/Platforms/MacOSX.platform/Developer/SDKs/MacOSX11.0.sdk -package-description-version 5.1.0";
				SWIFT_VERSION = 5.0;
			};
			name = Release;
		};
		OBJ_98 /* Debug */ = {
			isa = XCBuildConfiguration;
			buildSettings = {
				DEAD_CODE_STRIPPING = YES;
				DEFINES_MODULE = NO;
				ENABLE_TESTABILITY = YES;
				FRAMEWORK_SEARCH_PATHS = (
					"$(inherited)",
					"$(PLATFORM_DIR)/Developer/Library/Frameworks",
				);
				HEADER_SEARCH_PATHS = (
					"$(inherited)",
					"$(SRCROOT)/Sources/Runtime/include",
				);
				INFOPLIST_FILE = CombineCocoa.xcodeproj/Runtime_Info.plist;
				IPHONEOS_DEPLOYMENT_TARGET = 13.0;
				LD_RUNPATH_SEARCH_PATHS = "$(inherited) $(TOOLCHAIN_DIR)/usr/lib/swift/macosx";
				MACOSX_DEPLOYMENT_TARGET = 10.15;
				OTHER_CFLAGS = "$(inherited)";
				OTHER_LDFLAGS = "$(inherited)";
				OTHER_SWIFT_FLAGS = "$(inherited)";
				PRODUCT_BUNDLE_IDENTIFIER = Runtime;
				PRODUCT_MODULE_NAME = "$(TARGET_NAME:c99extidentifier)";
				PRODUCT_NAME = "$(TARGET_NAME:c99extidentifier)";
				SKIP_INSTALL = YES;
				SUPPORTED_PLATFORMS = "appletvos appletvsimulator iphoneos iphonesimulator macosx watchos watchsimulator";
				SUPPORTS_MACCATALYST = NO;
				SUPPORTS_MAC_DESIGNED_FOR_IPHONE_IPAD = NO;
				SWIFT_ACTIVE_COMPILATION_CONDITIONS = "$(inherited)";
				TARGETED_DEVICE_FAMILY = "1,2,3,4";
				TARGET_NAME = Runtime;
				TVOS_DEPLOYMENT_TARGET = 13.0;
				WATCHOS_DEPLOYMENT_TARGET = 6.0;
			};
			name = Debug;
		};
		OBJ_99 /* Release */ = {
			isa = XCBuildConfiguration;
			buildSettings = {
				DEAD_CODE_STRIPPING = YES;
				DEFINES_MODULE = NO;
				ENABLE_TESTABILITY = YES;
				FRAMEWORK_SEARCH_PATHS = (
					"$(inherited)",
					"$(PLATFORM_DIR)/Developer/Library/Frameworks",
				);
				HEADER_SEARCH_PATHS = (
					"$(inherited)",
					"$(SRCROOT)/Sources/Runtime/include",
				);
				INFOPLIST_FILE = CombineCocoa.xcodeproj/Runtime_Info.plist;
				IPHONEOS_DEPLOYMENT_TARGET = 13.0;
				LD_RUNPATH_SEARCH_PATHS = "$(inherited) $(TOOLCHAIN_DIR)/usr/lib/swift/macosx";
				MACOSX_DEPLOYMENT_TARGET = 10.15;
				OTHER_CFLAGS = "$(inherited)";
				OTHER_LDFLAGS = "$(inherited)";
				OTHER_SWIFT_FLAGS = "$(inherited)";
				PRODUCT_BUNDLE_IDENTIFIER = Runtime;
				PRODUCT_MODULE_NAME = "$(TARGET_NAME:c99extidentifier)";
				PRODUCT_NAME = "$(TARGET_NAME:c99extidentifier)";
				SKIP_INSTALL = YES;
				SUPPORTED_PLATFORMS = "appletvos appletvsimulator iphoneos iphonesimulator macosx watchos watchsimulator";
				SUPPORTS_MACCATALYST = NO;
				SUPPORTS_MAC_DESIGNED_FOR_IPHONE_IPAD = NO;
				SWIFT_ACTIVE_COMPILATION_CONDITIONS = "$(inherited)";
				TARGETED_DEVICE_FAMILY = "1,2,3,4";
				TARGET_NAME = Runtime;
				TVOS_DEPLOYMENT_TARGET = 13.0;
				WATCHOS_DEPLOYMENT_TARGET = 6.0;
			};
			name = Release;
		};
/* End XCBuildConfiguration section */

/* Begin XCConfigurationList section */
		E99EA1BA290D6C76008EAB5D /* Build configuration list for PBXNativeTarget "Example" */ = {
			isa = XCConfigurationList;
			buildConfigurations = (
				E99EA1BB290D6C76008EAB5D /* Debug */,
				E99EA1BC290D6C76008EAB5D /* Release */,
			);
			defaultConfigurationIsVisible = 0;
			defaultConfigurationName = Release;
		};
		OBJ_2 /* Build configuration list for PBXProject "CombineCocoa" */ = {
			isa = XCConfigurationList;
			buildConfigurations = (
				OBJ_3 /* Debug */,
				OBJ_4 /* Release */,
			);
			defaultConfigurationIsVisible = 0;
			defaultConfigurationName = Release;
		};
		OBJ_58 /* Build configuration list for PBXNativeTarget "CombineCocoa" */ = {
			isa = XCConfigurationList;
			buildConfigurations = (
				OBJ_59 /* Debug */,
				OBJ_60 /* Release */,
			);
			defaultConfigurationIsVisible = 0;
			defaultConfigurationName = Release;
		};
		OBJ_92 /* Build configuration list for PBXNativeTarget "CombineCocoaPackageDescription" */ = {
			isa = XCConfigurationList;
			buildConfigurations = (
				OBJ_93 /* Debug */,
				OBJ_94 /* Release */,
			);
			defaultConfigurationIsVisible = 0;
			defaultConfigurationName = Release;
		};
		OBJ_97 /* Build configuration list for PBXNativeTarget "Runtime" */ = {
			isa = XCConfigurationList;
			buildConfigurations = (
				OBJ_98 /* Debug */,
				OBJ_99 /* Release */,
			);
			defaultConfigurationIsVisible = 0;
			defaultConfigurationName = Release;
		};
/* End XCConfigurationList section */
	};
	rootObject = OBJ_1 /* Project object */;
}
